// !$*UTF8*$!
{
	archiveVersion = 1;
	classes = {
	};
	objectVersion = 50;
	objects = {

/* Begin PBXBuildFile section */
		ABB2388F203D926D00B6349D /* AppDelegate.swift in Sources */ = {isa = PBXBuildFile; fileRef = ABB2388E203D926D00B6349D /* AppDelegate.swift */; };
		ABB23891203D926D00B6349D /* EditViewController.swift in Sources */ = {isa = PBXBuildFile; fileRef = ABB23890203D926D00B6349D /* EditViewController.swift */; };
		ABB23894203D926D00B6349D /* Main.storyboard in Resources */ = {isa = PBXBuildFile; fileRef = ABB23892203D926D00B6349D /* Main.storyboard */; };
		ABB23896203D926F00B6349D /* Assets.xcassets in Resources */ = {isa = PBXBuildFile; fileRef = ABB23895203D926F00B6349D /* Assets.xcassets */; };
		ABB23899203D926F00B6349D /* LaunchScreen.storyboard in Resources */ = {isa = PBXBuildFile; fileRef = ABB23897203D926F00B6349D /* LaunchScreen.storyboard */; };
		ABB238A4203D926F00B6349D /* OneDayMissionTests.swift in Sources */ = {isa = PBXBuildFile; fileRef = ABB238A3203D926F00B6349D /* OneDayMissionTests.swift */; };
		ABB238AF203D99D300B6349D /* Mission.swift in Sources */ = {isa = PBXBuildFile; fileRef = ABB238AE203D99D300B6349D /* Mission.swift */; };
/* End PBXBuildFile section */

/* Begin PBXContainerItemProxy section */
		ABB238A0203D926F00B6349D /* PBXContainerItemProxy */ = {
			isa = PBXContainerItemProxy;
			containerPortal = ABB23883203D926D00B6349D /* Project object */;
			proxyType = 1;
			remoteGlobalIDString = ABB2388A203D926D00B6349D;
			remoteInfo = OneDayMission;
		};
/* End PBXContainerItemProxy section */

/* Begin PBXFileReference section */
		ABB2388B203D926D00B6349D /* OneDayMission.app */ = {isa = PBXFileReference; explicitFileType = wrapper.application; includeInIndex = 0; path = OneDayMission.app; sourceTree = BUILT_PRODUCTS_DIR; };
		ABB2388E203D926D00B6349D /* AppDelegate.swift */ = {isa = PBXFileReference; lastKnownFileType = sourcecode.swift; path = AppDelegate.swift; sourceTree = "<group>"; };
		ABB23890203D926D00B6349D /* EditViewController.swift */ = {isa = PBXFileReference; lastKnownFileType = sourcecode.swift; path = EditViewController.swift; sourceTree = "<group>"; };
		ABB23893203D926D00B6349D /* Base */ = {isa = PBXFileReference; lastKnownFileType = file.storyboard; name = Base; path = Base.lproj/Main.storyboard; sourceTree = "<group>"; };
		ABB23895203D926F00B6349D /* Assets.xcassets */ = {isa = PBXFileReference; lastKnownFileType = folder.assetcatalog; path = Assets.xcassets; sourceTree = "<group>"; };
		ABB23898203D926F00B6349D /* Base */ = {isa = PBXFileReference; lastKnownFileType = file.storyboard; name = Base; path = Base.lproj/LaunchScreen.storyboard; sourceTree = "<group>"; };
		ABB2389A203D926F00B6349D /* Info.plist */ = {isa = PBXFileReference; lastKnownFileType = text.plist.xml; path = Info.plist; sourceTree = "<group>"; };
		ABB2389F203D926F00B6349D /* OneDayMissionTests.xctest */ = {isa = PBXFileReference; explicitFileType = wrapper.cfbundle; includeInIndex = 0; path = OneDayMissionTests.xctest; sourceTree = BUILT_PRODUCTS_DIR; };
		ABB238A3203D926F00B6349D /* OneDayMissionTests.swift */ = {isa = PBXFileReference; lastKnownFileType = sourcecode.swift; path = OneDayMissionTests.swift; sourceTree = "<group>"; };
		ABB238A5203D926F00B6349D /* Info.plist */ = {isa = PBXFileReference; lastKnownFileType = text.plist.xml; path = Info.plist; sourceTree = "<group>"; };
		ABB238AE203D99D300B6349D /* Mission.swift */ = {isa = PBXFileReference; lastKnownFileType = sourcecode.swift; path = Mission.swift; sourceTree = "<group>"; };
/* End PBXFileReference section */

/* Begin PBXFrameworksBuildPhase section */
		ABB23888203D926D00B6349D /* Frameworks */ = {
			isa = PBXFrameworksBuildPhase;
			buildActionMask = 2147483647;
			files = (
			);
			runOnlyForDeploymentPostprocessing = 0;
		};
		ABB2389C203D926F00B6349D /* Frameworks */ = {
			isa = PBXFrameworksBuildPhase;
			buildActionMask = 2147483647;
			files = (
			);
			runOnlyForDeploymentPostprocessing = 0;
		};
/* End PBXFrameworksBuildPhase section */

/* Begin PBXGroup section */
		ABB23882203D926D00B6349D = {
			isa = PBXGroup;
			children = (
				ABB238AE203D99D300B6349D /* Mission.swift */,
				ABB2388D203D926D00B6349D /* OneDayMission */,
				ABB238A2203D926F00B6349D /* OneDayMissionTests */,
				ABB2388C203D926D00B6349D /* Products */,
			);
			sourceTree = "<group>";
		};
		ABB2388C203D926D00B6349D /* Products */ = {
			isa = PBXGroup;
			children = (
				ABB2388B203D926D00B6349D /* OneDayMission.app */,
				ABB2389F203D926F00B6349D /* OneDayMissionTests.xctest */,
			);
			name = Products;
			sourceTree = "<group>";
		};
		ABB2388D203D926D00B6349D /* OneDayMission */ = {
			isa = PBXGroup;
			children = (
				ABB2388E203D926D00B6349D /* AppDelegate.swift */,
				ABB23890203D926D00B6349D /* EditViewController.swift */,
				ABB23892203D926D00B6349D /* Main.storyboard */,
				ABB23895203D926F00B6349D /* Assets.xcassets */,
				ABB23897203D926F00B6349D /* LaunchScreen.storyboard */,
				ABB2389A203D926F00B6349D /* Info.plist */,
			);
			path = OneDayMission;
			sourceTree = "<group>";
		};
		ABB238A2203D926F00B6349D /* OneDayMissionTests */ = {
			isa = PBXGroup;
			children = (
				ABB238A3203D926F00B6349D /* OneDayMissionTests.swift */,
				ABB238A5203D926F00B6349D /* Info.plist */,
			);
			path = OneDayMissionTests;
			sourceTree = "<group>";
		};
/* End PBXGroup section */

/* Begin PBXNativeTarget section */
		ABB2388A203D926D00B6349D /* OneDayMission */ = {
			isa = PBXNativeTarget;
			buildConfigurationList = ABB238A8203D926F00B6349D /* Build configuration list for PBXNativeTarget "OneDayMission" */;
			buildPhases = (
				ABB23887203D926D00B6349D /* Sources */,
				ABB23888203D926D00B6349D /* Frameworks */,
				ABB23889203D926D00B6349D /* Resources */,
			);
			buildRules = (
			);
			dependencies = (
			);
			name = OneDayMission;
			productName = OneDayMission;
			productReference = ABB2388B203D926D00B6349D /* OneDayMission.app */;
			productType = "com.apple.product-type.application";
		};
		ABB2389E203D926F00B6349D /* OneDayMissionTests */ = {
			isa = PBXNativeTarget;
			buildConfigurationList = ABB238AB203D926F00B6349D /* Build configuration list for PBXNativeTarget "OneDayMissionTests" */;
			buildPhases = (
				ABB2389B203D926F00B6349D /* Sources */,
				ABB2389C203D926F00B6349D /* Frameworks */,
				ABB2389D203D926F00B6349D /* Resources */,
			);
			buildRules = (
			);
			dependencies = (
				ABB238A1203D926F00B6349D /* PBXTargetDependency */,
			);
			name = OneDayMissionTests;
			productName = OneDayMissionTests;
			productReference = ABB2389F203D926F00B6349D /* OneDayMissionTests.xctest */;
			productType = "com.apple.product-type.bundle.unit-test";
		};
/* End PBXNativeTarget section */

/* Begin PBXProject section */
		ABB23883203D926D00B6349D /* Project object */ = {
			isa = PBXProject;
			attributes = {
				LastSwiftUpdateCheck = 0930;
				LastUpgradeCheck = 0930;
				ORGANIZATIONNAME = gakki;
				TargetAttributes = {
					ABB2388A203D926D00B6349D = {
						CreatedOnToolsVersion = 9.3;
					};
					ABB2389E203D926F00B6349D = {
						CreatedOnToolsVersion = 9.3;
						TestTargetID = ABB2388A203D926D00B6349D;
					};
				};
			};
			buildConfigurationList = ABB23886203D926D00B6349D /* Build configuration list for PBXProject "OneDayMission" */;
			compatibilityVersion = "Xcode 9.3";
			developmentRegion = en;
			hasScannedForEncodings = 0;
			knownRegions = (
				en,
				Base,
			);
			mainGroup = ABB23882203D926D00B6349D;
			productRefGroup = ABB2388C203D926D00B6349D /* Products */;
			projectDirPath = "";
			projectRoot = "";
			targets = (
				ABB2388A203D926D00B6349D /* OneDayMission */,
				ABB2389E203D926F00B6349D /* OneDayMissionTests */,
			);
		};
/* End PBXProject section */

/* Begin PBXResourcesBuildPhase section */
		ABB23889203D926D00B6349D /* Resources */ = {
			isa = PBXResourcesBuildPhase;
			buildActionMask = 2147483647;
			files = (
				ABB23899203D926F00B6349D /* LaunchScreen.storyboard in Resources */,
				ABB23896203D926F00B6349D /* Assets.xcassets in Resources */,
				ABB23894203D926D00B6349D /* Main.storyboard in Resources */,
			);
			runOnlyForDeploymentPostprocessing = 0;
		};
		ABB2389D203D926F00B6349D /* Resources */ = {
			isa = PBXResourcesBuildPhase;
			buildActionMask = 2147483647;
			files = (
			);
			runOnlyForDeploymentPostprocessing = 0;
		};
/* End PBXResourcesBuildPhase section */

/* Begin PBXSourcesBuildPhase section */
		ABB23887203D926D00B6349D /* Sources */ = {
			isa = PBXSourcesBuildPhase;
			buildActionMask = 2147483647;
			files = (
				ABB238AF203D99D300B6349D /* Mission.swift in Sources */,
				ABB23891203D926D00B6349D /* EditViewController.swift in Sources */,
				ABB2388F203D926D00B6349D /* AppDelegate.swift in Sources */,
			);
			runOnlyForDeploymentPostprocessing = 0;
		};
		ABB2389B203D926F00B6349D /* Sources */ = {
			isa = PBXSourcesBuildPhase;
			buildActionMask = 2147483647;
			files = (
				ABB238A4203D926F00B6349D /* OneDayMissionTests.swift in Sources */,
			);
			runOnlyForDeploymentPostprocessing = 0;
		};
/* End PBXSourcesBuildPhase section */

/* Begin PBXTargetDependency section */
		ABB238A1203D926F00B6349D /* PBXTargetDependency */ = {
			isa = PBXTargetDependency;
			target = ABB2388A203D926D00B6349D /* OneDayMission */;
			targetProxy = ABB238A0203D926F00B6349D /* PBXContainerItemProxy */;
		};
/* End PBXTargetDependency section */

/* Begin PBXVariantGroup section */
		ABB23892203D926D00B6349D /* Main.storyboard */ = {
			isa = PBXVariantGroup;
			children = (
				ABB23893203D926D00B6349D /* Base */,
			);
			name = Main.storyboard;
			sourceTree = "<group>";
		};
		ABB23897203D926F00B6349D /* LaunchScreen.storyboard */ = {
			isa = PBXVariantGroup;
			children = (
				ABB23898203D926F00B6349D /* Base */,
			);
			name = LaunchScreen.storyboard;
			sourceTree = "<group>";
		};
/* End PBXVariantGroup section */

/* Begin XCBuildConfiguration section */
		ABB238A6203D926F00B6349D /* Debug */ = {
			isa = XCBuildConfiguration;
			buildSettings = {
				ALWAYS_SEARCH_USER_PATHS = NO;
				CLANG_ANALYZER_NONNULL = YES;
				CLANG_ANALYZER_NUMBER_OBJECT_CONVERSION = YES_AGGRESSIVE;
				CLANG_CXX_LANGUAGE_STANDARD = "gnu++14";
				CLANG_CXX_LIBRARY = "libc++";
				CLANG_ENABLE_MODULES = YES;
				CLANG_ENABLE_OBJC_ARC = YES;
				CLANG_ENABLE_OBJC_WEAK = YES;
				CLANG_WARN_BLOCK_CAPTURE_AUTORELEASING = YES;
				CLANG_WARN_BOOL_CONVERSION = YES;
				CLANG_WARN_COMMA = YES;
				CLANG_WARN_CONSTANT_CONVERSION = YES;
				CLANG_WARN_DEPRECATED_OBJC_IMPLEMENTATIONS = YES;
				CLANG_WARN_DIRECT_OBJC_ISA_USAGE = YES_ERROR;
				CLANG_WARN_DOCUMENTATION_COMMENTS = YES;
				CLANG_WARN_EMPTY_BODY = YES;
				CLANG_WARN_ENUM_CONVERSION = YES;
				CLANG_WARN_INFINITE_RECURSION = YES;
				CLANG_WARN_INT_CONVERSION = YES;
				CLANG_WARN_NON_LITERAL_NULL_CONVERSION = YES;
				CLANG_WARN_OBJC_IMPLICIT_RETAIN_SELF = YES;
				CLANG_WARN_OBJC_LITERAL_CONVERSION = YES;
				CLANG_WARN_OBJC_ROOT_CLASS = YES_ERROR;
				CLANG_WARN_RANGE_LOOP_ANALYSIS = YES;
				CLANG_WARN_STRICT_PROTOTYPES = YES;
				CLANG_WARN_SUSPICIOUS_MOVE = YES;
				CLANG_WARN_UNGUARDED_AVAILABILITY = YES_AGGRESSIVE;
				CLANG_WARN_UNREACHABLE_CODE = YES;
				CLANG_WARN__DUPLICATE_METHOD_MATCH = YES;
				CODE_SIGN_IDENTITY = "iPhone Developer";
				COPY_PHASE_STRIP = NO;
				DEBUG_INFORMATION_FORMAT = dwarf;
				ENABLE_STRICT_OBJC_MSGSEND = YES;
				ENABLE_TESTABILITY = YES;
				GCC_C_LANGUAGE_STANDARD = gnu11;
				GCC_DYNAMIC_NO_PIC = NO;
				GCC_NO_COMMON_BLOCKS = YES;
				GCC_OPTIMIZATION_LEVEL = 0;
				GCC_PREPROCESSOR_DEFINITIONS = (
					"DEBUG=1",
					"$(inherited)",
				);
				GCC_WARN_64_TO_32_BIT_CONVERSION = YES;
				GCC_WARN_ABOUT_RETURN_TYPE = YES_ERROR;
				GCC_WARN_UNDECLARED_SELECTOR = YES;
				GCC_WARN_UNINITIALIZED_AUTOS = YES_AGGRESSIVE;
				GCC_WARN_UNUSED_FUNCTION = YES;
				GCC_WARN_UNUSED_VARIABLE = YES;
				IPHONEOS_DEPLOYMENT_TARGET = 11.3;
				MTL_ENABLE_DEBUG_INFO = YES;
				ONLY_ACTIVE_ARCH = YES;
				SDKROOT = iphoneos;
				SWIFT_ACTIVE_COMPILATION_CONDITIONS = DEBUG;
				SWIFT_OPTIMIZATION_LEVEL = "-Onone";
			};
			name = Debug;
		};
		ABB238A7203D926F00B6349D /* Release */ = {
			isa = XCBuildConfiguration;
			buildSettings = {
				ALWAYS_SEARCH_USER_PATHS = NO;
				CLANG_ANALYZER_NONNULL = YES;
				CLANG_ANALYZER_NUMBER_OBJECT_CONVERSION = YES_AGGRESSIVE;
				CLANG_CXX_LANGUAGE_STANDARD = "gnu++14";
				CLANG_CXX_LIBRARY = "libc++";
				CLANG_ENABLE_MODULES = YES;
				CLANG_ENABLE_OBJC_ARC = YES;
				CLANG_ENABLE_OBJC_WEAK = YES;
				CLANG_WARN_BLOCK_CAPTURE_AUTORELEASING = YES;
				CLANG_WARN_BOOL_CONVERSION = YES;
				CLANG_WARN_COMMA = YES;
				CLANG_WARN_CONSTANT_CONVERSION = YES;
				CLANG_WARN_DEPRECATED_OBJC_IMPLEMENTATIONS = YES;
				CLANG_WARN_DIRECT_OBJC_ISA_USAGE = YES_ERROR;
				CLANG_WARN_DOCUMENTATION_COMMENTS = YES;
				CLANG_WARN_EMPTY_BODY = YES;
				CLANG_WARN_ENUM_CONVERSION = YES;
				CLANG_WARN_INFINITE_RECURSION = YES;
				CLANG_WARN_INT_CONVERSION = YES;
				CLANG_WARN_NON_LITERAL_NULL_CONVERSION = YES;
				CLANG_WARN_OBJC_IMPLICIT_RETAIN_SELF = YES;
				CLANG_WARN_OBJC_LITERAL_CONVERSION = YES;
				CLANG_WARN_OBJC_ROOT_CLASS = YES_ERROR;
				CLANG_WARN_RANGE_LOOP_ANALYSIS = YES;
				CLANG_WARN_STRICT_PROTOTYPES = YES;
				CLANG_WARN_SUSPICIOUS_MOVE = YES;
				CLANG_WARN_UNGUARDED_AVAILABILITY = YES_AGGRESSIVE;
				CLANG_WARN_UNREACHABLE_CODE = YES;
				CLANG_WARN__DUPLICATE_METHOD_MATCH = YES;
				CODE_SIGN_IDENTITY = "iPhone Developer";
				COPY_PHASE_STRIP = NO;
				DEBUG_INFORMATION_FORMAT = "dwarf-with-dsym";
				ENABLE_NS_ASSERTIONS = NO;
				ENABLE_STRICT_OBJC_MSGSEND = YES;
				GCC_C_LANGUAGE_STANDARD = gnu11;
				GCC_NO_COMMON_BLOCKS = YES;
				GCC_WARN_64_TO_32_BIT_CONVERSION = YES;
				GCC_WARN_ABOUT_RETURN_TYPE = YES_ERROR;
				GCC_WARN_UNDECLARED_SELECTOR = YES;
				GCC_WARN_UNINITIALIZED_AUTOS = YES_AGGRESSIVE;
				GCC_WARN_UNUSED_FUNCTION = YES;
				GCC_WARN_UNUSED_VARIABLE = YES;
				IPHONEOS_DEPLOYMENT_TARGET = 11.3;
				MTL_ENABLE_DEBUG_INFO = NO;
				SDKROOT = iphoneos;
				SWIFT_OPTIMIZATION_LEVEL = "-Owholemodule";
				VALIDATE_PRODUCT = YES;
			};
			name = Release;
		};
		ABB238A9203D926F00B6349D /* Debug */ = {
			isa = XCBuildConfiguration;
			buildSettings = {
				ASSETCATALOG_COMPILER_APPICON_NAME = AppIcon;
				CODE_SIGN_STYLE = Automatic;
				DEVELOPMENT_TEAM = V2ZY4XFW4B;
				INFOPLIST_FILE = OneDayMission/Info.plist;
				LD_RUNPATH_SEARCH_PATHS = (
					"$(inherited)",
					"@executable_path/Frameworks",
				);
				PRODUCT_BUNDLE_IDENTIFIER = com.gakki.OneDayMission;
				PRODUCT_NAME = "$(TARGET_NAME)";
				SWIFT_VERSION = 4.0;
				TARGETED_DEVICE_FAMILY = "1,2";
			};
			name = Debug;
		};
		ABB238AA203D926F00B6349D /* Release */ = {
			isa = XCBuildConfiguration;
			buildSettings = {
				ASSETCATALOG_COMPILER_APPICON_NAME = AppIcon;
				CODE_SIGN_STYLE = Automatic;
				DEVELOPMENT_TEAM = V2ZY4XFW4B;
				INFOPLIST_FILE = OneDayMission/Info.plist;
				LD_RUNPATH_SEARCH_PATHS = (
					"$(inherited)",
					"@executable_path/Frameworks",
				);
				PRODUCT_BUNDLE_IDENTIFIER = com.gakki.OneDayMission;
				PRODUCT_NAME = "$(TARGET_NAME)";
				SWIFT_VERSION = 4.0;
				TARGETED_DEVICE_FAMILY = "1,2";
			};
			name = Release;
		};
		ABB238AC203D926F00B6349D /* Debug */ = {
			isa = XCBuildConfiguration;
			buildSettings = {
				ALWAYS_EMBED_SWIFT_STANDARD_LIBRARIES = YES;
				BUNDLE_LOADER = "$(TEST_HOST)";
				CODE_SIGN_STYLE = Automatic;
				DEVELOPMENT_TEAM = V2ZY4XFW4B;
				INFOPLIST_FILE = OneDayMissionTests/Info.plist;
				LD_RUNPATH_SEARCH_PATHS = (
					"$(inherited)",
					"@executable_path/Frameworks",
					"@loader_path/Frameworks",
				);
				PRODUCT_BUNDLE_IDENTIFIER = com.gakki.OneDayMissionTests;
				PRODUCT_NAME = "$(TARGET_NAME)";
				SWIFT_VERSION = 4.0;
				TARGETED_DEVICE_FAMILY = "1,2";
				TEST_HOST = "$(BUILT_PRODUCTS_DIR)/OneDayMission.app/OneDayMission";
			};
			name = Debug;
		};
		ABB238AD203D926F00B6349D /* Release */ = {
			isa = XCBuildConfiguration;
			buildSettings = {
				ALWAYS_EMBED_SWIFT_STANDARD_LIBRARIES = YES;
				BUNDLE_LOADER = "$(TEST_HOST)";
				CODE_SIGN_STYLE = Automatic;
				DEVELOPMENT_TEAM = V2ZY4XFW4B;
				INFOPLIST_FILE = OneDayMissionTests/Info.plist;
				LD_RUNPATH_SEARCH_PATHS = (
					"$(inherited)",
					"@executable_path/Frameworks",
					"@loader_path/Frameworks",
				);
				PRODUCT_BUNDLE_IDENTIFIER = com.gakki.OneDayMissionTests;
				PRODUCT_NAME = "$(TARGET_NAME)";
				SWIFT_VERSION = 4.0;
				TARGETED_DEVICE_FAMILY = "1,2";
				TEST_HOST = "$(BUILT_PRODUCTS_DIR)/OneDayMission.app/OneDayMission";
			};
			name = Release;
		};
/* End XCBuildConfiguration section */

/* Begin XCConfigurationList section */
		ABB23886203D926D00B6349D /* Build configuration list for PBXProject "OneDayMission" */ = {
			isa = XCConfigurationList;
			buildConfigurations = (
				ABB238A6203D926F00B6349D /* Debug */,
				ABB238A7203D926F00B6349D /* Release */,
			);
			defaultConfigurationIsVisible = 0;
			defaultConfigurationName = Release;
		};
		ABB238A8203D926F00B6349D /* Build configuration list for PBXNativeTarget "OneDayMission" */ = {
			isa = XCConfigurationList;
			buildConfigurations = (
				ABB238A9203D926F00B6349D /* Debug */,
				ABB238AA203D926F00B6349D /* Release */,
			);
			defaultConfigurationIsVisible = 0;
			defaultConfigurationName = Release;
		};
		ABB238AB203D926F00B6349D /* Build configuration list for PBXNativeTarget "OneDayMissionTests" */ = {
			isa = XCConfigurationList;
			buildConfigurations = (
				ABB238AC203D926F00B6349D /* Debug */,
				ABB238AD203D926F00B6349D /* Release */,
			);
			defaultConfigurationIsVisible = 0;
			defaultConfigurationName = Release;
		};
/* End XCConfigurationList section */
	};
	rootObject = ABB23883203D926D00B6349D /* Project object */;
}
